
Microsoft Visual Studio Solution File, Format Version 12.00
# Visual Studio Version 16
VisualStudioVersion = 16.0.29509.3
MinimumVisualStudioVersion = 10.0.40219.1
Project("{FAE04EC0-301F-11D3-BF4B-00C04F79EFBC}") = "WindowsFormsApp1", "PHANSO\WindowsFormsApp1.csproj", "{B3BD5267-4DC6-4416-9B20-50A69B732C81}"
EndProject
Global
	GlobalSection(SolutionConfigurationPlatforms) = preSolution
		Debug|Any CPU = Debug|Any CPU
		Release|Any CPU = Release|Any CPU
	EndGlobalSection
	GlobalSection(ProjectConfigurationPlatforms) = postSolution
		{B3BD5267-4DC6-4416-9B20-50A69B732C81}.Debug|Any CPU.ActiveCfg = Debug|Any CPU
		{B3BD5267-4DC6-4416-9B20-50A69B732C81}.Debug|Any CPU.Build.0 = Debug|Any CPU
		{B3BD5267-4DC6-4416-9B20-50A69B732C81}.Release|Any CPU.ActiveCfg = Release|Any CPU
		{B3BD5267-4DC6-4416-9B20-50A69B732C81}.Release|Any CPU.Build.0 = Release|Any CPU
	EndGlobalSection
	GlobalSection(SolutionProperties) = preSolution
		HideSolutionNode = FALSE
	EndGlobalSection
	GlobalSection(ExtensibilityGlobals) = postSolution
		SolutionGuid = {6A782B3B-330F-4FC9-B71E-E98FA566BD8F}
	EndGlobalSection
EndGlobal
